
Microsoft Visual Studio Solution File, Format Version 12.00
# Visual Studio Version 16
VisualStudioVersion = 16.0.29001.49
MinimumVisualStudioVersion = 10.0.40219.1
Project("{9A19103F-16F7-4668-BE54-9A1E7A4F7556}") = "CobMvc.Core", "CobMvc.Core\CobMvc.Core.csproj", "{E9804AE9-C0C4-47EF-AF2E-5EE322C87E21}"
EndProject
Project("{9A19103F-16F7-4668-BE54-9A1E7A4F7556}") = "CobMvc", "CobMvc\CobMvc.csproj", "{1BDB29F8-1104-416D-8ECA-C176319D91EE}"
EndProject
Project("{9A19103F-16F7-4668-BE54-9A1E7A4F7556}") = "CobMvc.Consul", "CobMvc.Consul\CobMvc.Consul.csproj", "{3BE5705F-10BA-4155-85FB-4FEC55DE4DF1}"
EndProject
Project("{2150E333-8FDC-42A3-9474-1A3956D46DE8}") = "0.Core", "0.Core", "{C594D2D8-4690-48C9-AF70-049C50AF701B}"
EndProject
Project("{2150E333-8FDC-42A3-9474-1A3956D46DE8}") = "1.Extensions", "1.Extensions", "{97C67ED8-304A-459A-9D3D-C5F98121125E}"
EndProject
Project("{9A19103F-16F7-4668-BE54-9A1E7A4F7556}") = "CobMvc.Protobuf", "CobMvc.Protobuf\CobMvc.Protobuf.csproj", "{238223A2-B212-48BA-9373-44BE8952B3DB}"
EndProject
Project("{9A19103F-16F7-4668-BE54-9A1E7A4F7556}") = "CobMvc.WebSocket", "CobMvc.WebSocket\CobMvc.WebSocket.csproj", "{1A64642B-C988-4A5C-8FEA-E4E0E944C4A9}"
EndProject
Project("{9A19103F-16F7-4668-BE54-9A1E7A4F7556}") = "CobMvc.Test", "CobMvc.Test\CobMvc.Test.csproj", "{247F99A0-02B0-4117-AEB3-DE586FD232F0}"
EndProject
Project("{9A19103F-16F7-4668-BE54-9A1E7A4F7556}") = "CobMvc.Client", "CobMvc.Client\CobMvc.Client.csproj", "{F781D168-4600-4933-AA95-F76E248B28C6}"
EndProject
Project("{2150E333-8FDC-42A3-9474-1A3956D46DE8}") = "3.Demo", "3.Demo", "{84445325-1C8A-4460-A8AB-0A0418FBDFE8}"
EndProject
Project("{9A19103F-16F7-4668-BE54-9A1E7A4F7556}") = "CobMvc.ClientDemo", "..\demo\CobMvc.ClientDemo\CobMvc.ClientDemo.csproj", "{D356EDEA-DA4A-4E16-A42E-F3284F8BB2E9}"
EndProject
Project("{9A19103F-16F7-4668-BE54-9A1E7A4F7556}") = "CobMvc.Demo", "..\demo\CobMvc.Demo\CobMvc.Demo.csproj", "{4BB81BE5-80FE-48C5-AE14-EAE062566BCF}"
EndProject
Project("{9A19103F-16F7-4668-BE54-9A1E7A4F7556}") = "CobMvc.Demo.Contract", "..\demo\CobMvc.Demo.Contract\CobMvc.Demo.Contract.csproj", "{9DDC108F-AD3A-4AC4-BA1D-041BA123FD0E}"
EndProject
Project("{9A19103F-16F7-4668-BE54-9A1E7A4F7556}") = "CobMvc.Consul.Configuration", "CobMvc.Consul.Configuration\CobMvc.Consul.Configuration.csproj", "{B3B5145D-5A10-48C4-B915-6E95189E8B90}"
EndProject
Global
	GlobalSection(SolutionConfigurationPlatforms) = preSolution
		Debug|Any CPU = Debug|Any CPU
		Release|Any CPU = Release|Any CPU
	EndGlobalSection
	GlobalSection(ProjectConfigurationPlatforms) = postSolution
		{E9804AE9-C0C4-47EF-AF2E-5EE322C87E21}.Debug|Any CPU.ActiveCfg = Debug|Any CPU
		{E9804AE9-C0C4-47EF-AF2E-5EE322C87E21}.Debug|Any CPU.Build.0 = Debug|Any CPU
		{E9804AE9-C0C4-47EF-AF2E-5EE322C87E21}.Release|Any CPU.ActiveCfg = Release|Any CPU
		{E9804AE9-C0C4-47EF-AF2E-5EE322C87E21}.Release|Any CPU.Build.0 = Release|Any CPU
		{1BDB29F8-1104-416D-8ECA-C176319D91EE}.Debug|Any CPU.ActiveCfg = Debug|Any CPU
		{1BDB29F8-1104-416D-8ECA-C176319D91EE}.Debug|Any CPU.Build.0 = Debug|Any CPU
		{1BDB29F8-1104-416D-8ECA-C176319D91EE}.Release|Any CPU.ActiveCfg = Release|Any CPU
		{1BDB29F8-1104-416D-8ECA-C176319D91EE}.Release|Any CPU.Build.0 = Release|Any CPU
		{3BE5705F-10BA-4155-85FB-4FEC55DE4DF1}.Debug|Any CPU.ActiveCfg = Debug|Any CPU
		{3BE5705F-10BA-4155-85FB-4FEC55DE4DF1}.Debug|Any CPU.Build.0 = Debug|Any CPU
		{3BE5705F-10BA-4155-85FB-4FEC55DE4DF1}.Release|Any CPU.ActiveCfg = Release|Any CPU
		{3BE5705F-10BA-4155-85FB-4FEC55DE4DF1}.Release|Any CPU.Build.0 = Release|Any CPU
		{238223A2-B212-48BA-9373-44BE8952B3DB}.Debug|Any CPU.ActiveCfg = Debug|Any CPU
		{238223A2-B212-48BA-9373-44BE8952B3DB}.Debug|Any CPU.Build.0 = Debug|Any CPU
		{238223A2-B212-48BA-9373-44BE8952B3DB}.Release|Any CPU.ActiveCfg = Release|Any CPU
		{238223A2-B212-48BA-9373-44BE8952B3DB}.Release|Any CPU.Build.0 = Release|Any CPU
		{1A64642B-C988-4A5C-8FEA-E4E0E944C4A9}.Debug|Any CPU.ActiveCfg = Debug|Any CPU
		{1A64642B-C988-4A5C-8FEA-E4E0E944C4A9}.Debug|Any CPU.Build.0 = Debug|Any CPU
		{1A64642B-C988-4A5C-8FEA-E4E0E944C4A9}.Release|Any CPU.ActiveCfg = Release|Any CPU
		{1A64642B-C988-4A5C-8FEA-E4E0E944C4A9}.Release|Any CPU.Build.0 = Release|Any CPU
		{247F99A0-02B0-4117-AEB3-DE586FD232F0}.Debug|Any CPU.ActiveCfg = Debug|Any CPU
		{247F99A0-02B0-4117-AEB3-DE586FD232F0}.Debug|Any CPU.Build.0 = Debug|Any CPU
		{247F99A0-02B0-4117-AEB3-DE586FD232F0}.Release|Any CPU.ActiveCfg = Release|Any CPU
		{247F99A0-02B0-4117-AEB3-DE586FD232F0}.Release|Any CPU.Build.0 = Release|Any CPU
		{F781D168-4600-4933-AA95-F76E248B28C6}.Debug|Any CPU.ActiveCfg = Debug|Any CPU
		{F781D168-4600-4933-AA95-F76E248B28C6}.Debug|Any CPU.Build.0 = Debug|Any CPU
		{F781D168-4600-4933-AA95-F76E248B28C6}.Release|Any CPU.ActiveCfg = Release|Any CPU
		{F781D168-4600-4933-AA95-F76E248B28C6}.Release|Any CPU.Build.0 = Release|Any CPU
		{D356EDEA-DA4A-4E16-A42E-F3284F8BB2E9}.Debug|Any CPU.ActiveCfg = Debug|Any CPU
		{D356EDEA-DA4A-4E16-A42E-F3284F8BB2E9}.Debug|Any CPU.Build.0 = Debug|Any CPU
		{D356EDEA-DA4A-4E16-A42E-F3284F8BB2E9}.Release|Any CPU.ActiveCfg = Release|Any CPU
		{D356EDEA-DA4A-4E16-A42E-F3284F8BB2E9}.Release|Any CPU.Build.0 = Release|Any CPU
		{4BB81BE5-80FE-48C5-AE14-EAE062566BCF}.Debug|Any CPU.ActiveCfg = Debug|Any CPU
		{4BB81BE5-80FE-48C5-AE14-EAE062566BCF}.Debug|Any CPU.Build.0 = Debug|Any CPU
		{4BB81BE5-80FE-48C5-AE14-EAE062566BCF}.Release|Any CPU.ActiveCfg = Release|Any CPU
		{4BB81BE5-80FE-48C5-AE14-EAE062566BCF}.Release|Any CPU.Build.0 = Release|Any CPU
		{9DDC108F-AD3A-4AC4-BA1D-041BA123FD0E}.Debug|Any CPU.ActiveCfg = Debug|Any CPU
		{9DDC108F-AD3A-4AC4-BA1D-041BA123FD0E}.Debug|Any CPU.Build.0 = Debug|Any CPU
		{9DDC108F-AD3A-4AC4-BA1D-041BA123FD0E}.Release|Any CPU.ActiveCfg = Release|Any CPU
		{9DDC108F-AD3A-4AC4-BA1D-041BA123FD0E}.Release|Any CPU.Build.0 = Release|Any CPU
		{B3B5145D-5A10-48C4-B915-6E95189E8B90}.Debug|Any CPU.ActiveCfg = Debug|Any CPU
		{B3B5145D-5A10-48C4-B915-6E95189E8B90}.Debug|Any CPU.Build.0 = Debug|Any CPU
		{B3B5145D-5A10-48C4-B915-6E95189E8B90}.Release|Any CPU.ActiveCfg = Release|Any CPU
		{B3B5145D-5A10-48C4-B915-6E95189E8B90}.Release|Any CPU.Build.0 = Release|Any CPU
	EndGlobalSection
	GlobalSection(SolutionProperties) = preSolution
		HideSolutionNode = FALSE
	EndGlobalSection
	GlobalSection(NestedProjects) = preSolution
		{E9804AE9-C0C4-47EF-AF2E-5EE322C87E21} = {C594D2D8-4690-48C9-AF70-049C50AF701B}
		{1BDB29F8-1104-416D-8ECA-C176319D91EE} = {C594D2D8-4690-48C9-AF70-049C50AF701B}
		{3BE5705F-10BA-4155-85FB-4FEC55DE4DF1} = {97C67ED8-304A-459A-9D3D-C5F98121125E}
		{238223A2-B212-48BA-9373-44BE8952B3DB} = {97C67ED8-304A-459A-9D3D-C5F98121125E}
		{1A64642B-C988-4A5C-8FEA-E4E0E944C4A9} = {97C67ED8-304A-459A-9D3D-C5F98121125E}
		{F781D168-4600-4933-AA95-F76E248B28C6} = {C594D2D8-4690-48C9-AF70-049C50AF701B}
		{D356EDEA-DA4A-4E16-A42E-F3284F8BB2E9} = {84445325-1C8A-4460-A8AB-0A0418FBDFE8}
		{4BB81BE5-80FE-48C5-AE14-EAE062566BCF} = {84445325-1C8A-4460-A8AB-0A0418FBDFE8}
		{9DDC108F-AD3A-4AC4-BA1D-041BA123FD0E} = {84445325-1C8A-4460-A8AB-0A0418FBDFE8}
		{B3B5145D-5A10-48C4-B915-6E95189E8B90} = {97C67ED8-304A-459A-9D3D-C5F98121125E}
	EndGlobalSection
	GlobalSection(ExtensibilityGlobals) = postSolution
		SolutionGuid = {18F7E213-AC3B-4608-8E76-A162E4265FC8}
	EndGlobalSection
EndGlobal
